{
    "name": "@repo/effect-pack",
    "lockfileVersion": 3,
    "requires": true,
    "packages": {
        "": {
            "name": "@repo/effect-pack",
            "dependencies": {
                "@types/eslint": "^8.56.5"
            }
        },
        "node_modules/@types/eslint": {
            "version": "8.56.11",
            "resolved": "https://registry.npmjs.org/@types/eslint/-/eslint-8.56.11.tgz",
            "integrity": "sha512-sVBpJMf7UPo/wGecYOpk2aQya2VUGeHhe38WG7/mN5FufNSubf5VT9Uh9Uyp8/eLJpu1/tuhJ/qTo4mhSB4V4Q==",
            "dependencies": {
                "@types/estree": "*",
                "@types/json-schema": "*"
            }
        },
        "node_modules/@types/estree": {
            "version": "1.0.5",
            "resolved": "https://registry.npmjs.org/@types/estree/-/estree-1.0.5.tgz",
            "integrity": "sha512-/kYRxGDLWzHOB7q+wtSUQlFrtcdUccpfy+X+9iMBpHK8QLLhx2wIPYuS5DYtR9Wa/YlZAbIovy7qVdB1Aq6Lyw=="
        },
        "node_modules/@types/json-schema": {
            "version": "7.0.15",
            "resolved": "https://registry.npmjs.org/@types/json-schema/-/json-schema-7.0.15.tgz",
            "integrity": "sha512-5+fP8P8MFNC+AyZCDxrB2pkZFPGzqQWUzpSeuuVLvm8VMcorNYavBqoFcxK8bQz4Qsbn4oUEEem4wDLfcysGHA=="
        }
    }
}
